<?xml version="1.0" encoding="utf-8"?>
<Project ToolsVersion="4.0" xmlns="http://schemas.microsoft.com/developer/msbuild/2003">
  <ItemGroup>
    <Filter Include="Archivos de origen">
      <UniqueIdentifier>{4FC737F1-C7A5-4376-A066-2A32D752A2FF}</UniqueIdentifier>
      <Extensions>cpp;c;cc;cxx;def;odl;idl;hpj;bat;asm;asmx</Extensions>
    </Filter>
    <Filter Include="Archivos de encabezado">
      <UniqueIdentifier>{93995380-89BD-4b04-88EB-625FBE52EBFB}</UniqueIdentifier>
      <Extensions>h;hh;hpp;hxx;hm;inl;inc;ipp;xsd</Extensions>
    </Filter>
    <Filter Include="Archivos de recursos">
      <UniqueIdentifier>{67DA6AB6-F800-4c08-8B7A-83BB121AAD01}</UniqueIdentifier>
      <Extensions>rc;ico;cur;bmp;dlg;rc2;rct;bin;rgs;gif;jpg;jpeg;jpe;resx;tiff;tif;png;wav;mfcribbon-ms</Extensions>
    </Filter>
  </ItemGroup>
  <ItemGroup>
    <ClCompile Include="main.cpp">
      <Filter>Archivos de origen</Filter>
    </ClCompile>
    <ClCompile Include="Textura_algodon.c">
      <Filter>Archivos de origen</Filter>
    </ClCompile>
    <ClCompile Include="Textura_amarillo.c">
      <Filter>Archivos de origen</Filter>
    </ClCompile>
    <ClCompile Include="Textura_azul.c">
      <Filter>Archivos de origen</Filter>
    </ClCompile>
    <ClCompile Include="Textura_azulm.c">
      <Filter>Archivos de origen</Filter>
    </ClCompile>
    <ClCompile Include="Textura_blanco.c">
      <Filter>Archivos de origen</Filter>
    </ClCompile>
    <ClCompile Include="Textura_bola.c">
      <Filter>Archivos de origen</Filter>
    </ClCompile>
    <ClCompile Include="Textura_CI.c">
      <Filter>Archivos de origen</Filter>
    </ClCompile>
    <ClCompile Include="Textura_CS.c">
      <Filter>Archivos de origen</Filter>
    </ClCompile>
    <ClCompile Include="Textura_lad.c">
      <Filter>Archivos de origen</Filter>
    </ClCompile>
    <ClCompile Include="Textura_madero.c">
      <Filter>Archivos de origen</Filter>
    </ClCompile>
    <ClCompile Include="Textura_metal.c">
      <Filter>Archivos de origen</Filter>
    </ClCompile>
    <ClCompile Include="Textura_morado.c">
      <Filter>Archivos de origen</Filter>
    </ClCompile>
    <ClCompile Include="Textura_negro.c">
      <Filter>Archivos de origen</Filter>
    </ClCompile>
    <ClCompile Include="Textura_P1.c">
      <Filter>Archivos de origen</Filter>
    </ClCompile>
    <ClCompile Include="Textura_P2.c">
      <Filter>Archivos de origen</Filter>
    </ClCompile>
    <ClCompile Include="Textura_P3.c">
      <Filter>Archivos de origen</Filter>
    </ClCompile>
    <ClCompile Include="Textura_P4.c">
      <Filter>Archivos de origen</Filter>
    </ClCompile>
    <ClCompile Include="Textura_P5.c">
      <Filter>Archivos de origen</Filter>
    </ClCompile>
    <ClCompile Include="Textura_P6.c">
      <Filter>Archivos de origen</Filter>
    </ClCompile>
    <ClCompile Include="Textura_piel.c">
      <Filter>Archivos de origen</Filter>
    </ClCompile>
    <ClCompile Include="Textura_piso.c">
      <Filter>Archivos de origen</Filter>
    </ClCompile>
    <ClCompile Include="Textura_rojo.c">
      <Filter>Archivos de origen</Filter>
    </ClCompile>
    <ClCompile Include="Textura_rosa.c">
      <Filter>Archivos de origen</Filter>
    </ClCompile>
    <ClCompile Include="Textura_suelo.c">
      <Filter>Archivos de origen</Filter>
    </ClCompile>
    <ClCompile Include="Textura_tela.c">
      <Filter>Archivos de origen</Filter>
    </ClCompile>
    <ClCompile Include="Textura_tubo.c">
      <Filter>Archivos de origen</Filter>
    </ClCompile>
    <ClCompile Include="Textura_verde.c">
      <Filter>Archivos de origen</Filter>
    </ClCompile>
  </ItemGroup>
  <ItemGroup>
    <ClInclude Include="Camera.h">
      <Filter>Archivos de origen</Filter>
    </ClInclude>
    <ClInclude Include="figuras.h">
      <Filter>Archivos de origen</Filter>
    </ClInclude>
    <ClInclude Include="texture.h">
      <Filter>Archivos de origen</Filter>
    </ClInclude>
  </ItemGroup>
</Project>